
Microsoft Visual Studio Solution File, Format Version 12.00
# Visual Studio 15
VisualStudioVersion = 15.0.28307.168
MinimumVisualStudioVersion = 10.0.40219.1
Project("{FAE04EC0-301F-11D3-BF4B-00C04F79EFBC}") = "AlgoritMIX", "AlgoritMIX\AlgoritMIX.csproj", "{2F2CA522-4B25-47CE-BE8C-EDB98CD832A3}"
EndProject
Global
	GlobalSection(SolutionConfigurationPlatforms) = preSolution
		Debug|Any CPU = Debug|Any CPU
		Release|Any CPU = Release|Any CPU
	EndGlobalSection
	GlobalSection(ProjectConfigurationPlatforms) = postSolution
		{2F2CA522-4B25-47CE-BE8C-EDB98CD832A3}.Debug|Any CPU.ActiveCfg = Debug|Any CPU
		{2F2CA522-4B25-47CE-BE8C-EDB98CD832A3}.Debug|Any CPU.Build.0 = Debug|Any CPU
		{2F2CA522-4B25-47CE-BE8C-EDB98CD832A3}.Release|Any CPU.ActiveCfg = Release|Any CPU
		{2F2CA522-4B25-47CE-BE8C-EDB98CD832A3}.Release|Any CPU.Build.0 = Release|Any CPU
	EndGlobalSection
	GlobalSection(SolutionProperties) = preSolution
		HideSolutionNode = FALSE
	EndGlobalSection
	GlobalSection(ExtensibilityGlobals) = postSolution
		SolutionGuid = {B38FF6DF-18E2-4F85-8052-03604E16EDE1}
	EndGlobalSection
EndGlobal
